
Microsoft Visual Studio Solution File, Format Version 12.00
# Visual Studio Version 17
VisualStudioVersion = 17.0.31903.59
MinimumVisualStudioVersion = 10.0.40219.1
Project("{2150E333-8FDC-42A3-9474-1A3956D46DE8}") = "src", "src", "{C31578B7-8F39-45A2-9F01-505E0815CF8E}"
EndProject
Project("{FAE04EC0-301F-11D3-BF4B-00C04F79EFBC}") = "DotnetMcp.Core", "src\DotnetMcp.Core\DotnetMcp.Core.csproj", "{B8F31BC6-01CC-4DB4-9DF6-478553DC3D18}"
EndProject
Project("{FAE04EC0-301F-11D3-BF4B-00C04F79EFBC}") = "DotnetMcp.Host", "src\DotnetMcp.Host\DotnetMcp.Host.csproj", "{2ADC7C07-85A6-4FBB-BBE3-5923E89E5298}"
EndProject
Project("{2150E333-8FDC-42A3-9474-1A3956D46DE8}") = "plugins", "plugins", "{F5C23187-1943-4E1A-A8FB-F64FA93A6595}"
EndProject
Project("{2150E333-8FDC-42A3-9474-1A3956D46DE8}") = "dotnet-test", "dotnet-test", "{44F740D2-FA7A-4961-B4A7-CF0ADF28B044}"
EndProject
Project("{2150E333-8FDC-42A3-9474-1A3956D46DE8}") = "src", "src", "{2960F73F-4B17-45EC-97C0-57F4451B7003}"
EndProject
Project("{FAE04EC0-301F-11D3-BF4B-00C04F79EFBC}") = "DotnetMcp.Testing", "plugins\dotnet-test\src\DotnetMcp.Testing\DotnetMcp.Testing.csproj", "{E43571CF-4E36-4F20-8510-7B76F3F0A70B}"
EndProject
Project("{2150E333-8FDC-42A3-9474-1A3956D46DE8}") = "dotnet-build", "dotnet-build", "{9B0628CA-F1F8-4C2A-A530-E064EE0494F6}"
EndProject
Project("{2150E333-8FDC-42A3-9474-1A3956D46DE8}") = "src", "src", "{C5BC82C3-9C7E-45B4-B0D7-8F3FFC228861}"
EndProject
Project("{FAE04EC0-301F-11D3-BF4B-00C04F79EFBC}") = "DotnetMcp.Build", "plugins\dotnet-build\src\DotnetMcp.Build\DotnetMcp.Build.csproj", "{FA99C796-0CD6-4FF7-B0CD-8DEC40DDE4FA}"
EndProject
Project("{2150E333-8FDC-42A3-9474-1A3956D46DE8}") = "samples", "samples", "{9786D0BC-72E7-4D47-9E33-F133573BF57A}"
EndProject
Project("{FAE04EC0-301F-11D3-BF4B-00C04F79EFBC}") = "SampleProject", "samples\SampleProject\SampleProject.csproj", "{D7732E71-C207-41A8-BC68-85EC22DAF69A}"
EndProject
Project("{FAE04EC0-301F-11D3-BF4B-00C04F79EFBC}") = "SampleTestProject", "samples\SampleTestProject\SampleTestProject.csproj", "{6907BE15-3371-48D2-8BE7-89B24948ED9C}"
EndProject
Project("{2150E333-8FDC-42A3-9474-1A3956D46DE8}") = "tests", "tests", "{37248531-6AC4-41C5-9443-AD09A2645272}"
EndProject
Project("{FAE04EC0-301F-11D3-BF4B-00C04F79EFBC}") = "DotnetMcp.Testing.Tests", "plugins\dotnet-test\tests\DotnetMcp.Testing.Tests\DotnetMcp.Testing.Tests.csproj", "{EAEA91FC-9A04-4452-941D-98F55B9C4473}"
EndProject
Project("{2150E333-8FDC-42A3-9474-1A3956D46DE8}") = "tests", "tests", "{5A96A5EF-DC79-4E2B-BA15-DBE4C1091216}"
EndProject
Project("{FAE04EC0-301F-11D3-BF4B-00C04F79EFBC}") = "DotnetMcp.Build.Tests", "plugins\dotnet-build\tests\DotnetMcp.Build.Tests\DotnetMcp.Build.Tests.csproj", "{E5EFBC77-5473-4BE8-8AF2-72580C2CEDA2}"
EndProject
Project("{2150E333-8FDC-42A3-9474-1A3956D46DE8}") = "dotnet-ef", "dotnet-ef", "{908B07DB-1153-4AAB-91FA-BDB9B8848059}"
EndProject
Project("{2150E333-8FDC-42A3-9474-1A3956D46DE8}") = "src", "src", "{1F449F4B-B430-4F94-8FFC-2029BE200E7D}"
EndProject
Project("{FAE04EC0-301F-11D3-BF4B-00C04F79EFBC}") = "DotnetMcp.EF", "plugins\dotnet-ef\src\DotnetMcp.EF\DotnetMcp.EF.csproj", "{7F0FFC85-8523-4CA5-88F9-8F82DD7EEC45}"
EndProject
Project("{2150E333-8FDC-42A3-9474-1A3956D46DE8}") = "tests", "tests", "{2BE786D2-BFE3-4787-8DCA-E96AE801AF2A}"
EndProject
Project("{FAE04EC0-301F-11D3-BF4B-00C04F79EFBC}") = "DotnetMcp.EF.Tests", "plugins\dotnet-ef\tests\DotnetMcp.EF.Tests\DotnetMcp.EF.Tests.csproj", "{236433F5-ADC8-4DF1-A7C0-4DD3CD090369}"
EndProject
Global
	GlobalSection(SolutionConfigurationPlatforms) = preSolution
		Debug|Any CPU = Debug|Any CPU
		Release|Any CPU = Release|Any CPU
	EndGlobalSection
	GlobalSection(SolutionProperties) = preSolution
		HideSolutionNode = FALSE
	EndGlobalSection
	GlobalSection(ProjectConfigurationPlatforms) = postSolution
		{B8F31BC6-01CC-4DB4-9DF6-478553DC3D18}.Debug|Any CPU.ActiveCfg = Debug|Any CPU
		{B8F31BC6-01CC-4DB4-9DF6-478553DC3D18}.Debug|Any CPU.Build.0 = Debug|Any CPU
		{B8F31BC6-01CC-4DB4-9DF6-478553DC3D18}.Release|Any CPU.ActiveCfg = Release|Any CPU
		{B8F31BC6-01CC-4DB4-9DF6-478553DC3D18}.Release|Any CPU.Build.0 = Release|Any CPU
		{2ADC7C07-85A6-4FBB-BBE3-5923E89E5298}.Debug|Any CPU.ActiveCfg = Debug|Any CPU
		{2ADC7C07-85A6-4FBB-BBE3-5923E89E5298}.Debug|Any CPU.Build.0 = Debug|Any CPU
		{2ADC7C07-85A6-4FBB-BBE3-5923E89E5298}.Release|Any CPU.ActiveCfg = Release|Any CPU
		{2ADC7C07-85A6-4FBB-BBE3-5923E89E5298}.Release|Any CPU.Build.0 = Release|Any CPU
		{E43571CF-4E36-4F20-8510-7B76F3F0A70B}.Debug|Any CPU.ActiveCfg = Debug|Any CPU
		{E43571CF-4E36-4F20-8510-7B76F3F0A70B}.Debug|Any CPU.Build.0 = Debug|Any CPU
		{E43571CF-4E36-4F20-8510-7B76F3F0A70B}.Release|Any CPU.ActiveCfg = Release|Any CPU
		{E43571CF-4E36-4F20-8510-7B76F3F0A70B}.Release|Any CPU.Build.0 = Release|Any CPU
		{FA99C796-0CD6-4FF7-B0CD-8DEC40DDE4FA}.Debug|Any CPU.ActiveCfg = Debug|Any CPU
		{FA99C796-0CD6-4FF7-B0CD-8DEC40DDE4FA}.Debug|Any CPU.Build.0 = Debug|Any CPU
		{FA99C796-0CD6-4FF7-B0CD-8DEC40DDE4FA}.Release|Any CPU.ActiveCfg = Release|Any CPU
		{FA99C796-0CD6-4FF7-B0CD-8DEC40DDE4FA}.Release|Any CPU.Build.0 = Release|Any CPU
		{D7732E71-C207-41A8-BC68-85EC22DAF69A}.Debug|Any CPU.ActiveCfg = Debug|Any CPU
		{D7732E71-C207-41A8-BC68-85EC22DAF69A}.Debug|Any CPU.Build.0 = Debug|Any CPU
		{D7732E71-C207-41A8-BC68-85EC22DAF69A}.Release|Any CPU.ActiveCfg = Release|Any CPU
		{D7732E71-C207-41A8-BC68-85EC22DAF69A}.Release|Any CPU.Build.0 = Release|Any CPU
		{6907BE15-3371-48D2-8BE7-89B24948ED9C}.Debug|Any CPU.ActiveCfg = Debug|Any CPU
		{6907BE15-3371-48D2-8BE7-89B24948ED9C}.Debug|Any CPU.Build.0 = Debug|Any CPU
		{6907BE15-3371-48D2-8BE7-89B24948ED9C}.Release|Any CPU.ActiveCfg = Release|Any CPU
		{6907BE15-3371-48D2-8BE7-89B24948ED9C}.Release|Any CPU.Build.0 = Release|Any CPU
		{EAEA91FC-9A04-4452-941D-98F55B9C4473}.Debug|Any CPU.ActiveCfg = Debug|Any CPU
		{EAEA91FC-9A04-4452-941D-98F55B9C4473}.Debug|Any CPU.Build.0 = Debug|Any CPU
		{EAEA91FC-9A04-4452-941D-98F55B9C4473}.Release|Any CPU.ActiveCfg = Release|Any CPU
		{EAEA91FC-9A04-4452-941D-98F55B9C4473}.Release|Any CPU.Build.0 = Release|Any CPU
		{E5EFBC77-5473-4BE8-8AF2-72580C2CEDA2}.Debug|Any CPU.ActiveCfg = Debug|Any CPU
		{E5EFBC77-5473-4BE8-8AF2-72580C2CEDA2}.Debug|Any CPU.Build.0 = Debug|Any CPU
		{E5EFBC77-5473-4BE8-8AF2-72580C2CEDA2}.Release|Any CPU.ActiveCfg = Release|Any CPU
		{E5EFBC77-5473-4BE8-8AF2-72580C2CEDA2}.Release|Any CPU.Build.0 = Release|Any CPU
		{7F0FFC85-8523-4CA5-88F9-8F82DD7EEC45}.Debug|Any CPU.ActiveCfg = Debug|Any CPU
		{7F0FFC85-8523-4CA5-88F9-8F82DD7EEC45}.Debug|Any CPU.Build.0 = Debug|Any CPU
		{7F0FFC85-8523-4CA5-88F9-8F82DD7EEC45}.Release|Any CPU.ActiveCfg = Release|Any CPU
		{7F0FFC85-8523-4CA5-88F9-8F82DD7EEC45}.Release|Any CPU.Build.0 = Release|Any CPU
		{236433F5-ADC8-4DF1-A7C0-4DD3CD090369}.Debug|Any CPU.ActiveCfg = Debug|Any CPU
		{236433F5-ADC8-4DF1-A7C0-4DD3CD090369}.Debug|Any CPU.Build.0 = Debug|Any CPU
		{236433F5-ADC8-4DF1-A7C0-4DD3CD090369}.Release|Any CPU.ActiveCfg = Release|Any CPU
		{236433F5-ADC8-4DF1-A7C0-4DD3CD090369}.Release|Any CPU.Build.0 = Release|Any CPU
	EndGlobalSection
	GlobalSection(NestedProjects) = preSolution
		{B8F31BC6-01CC-4DB4-9DF6-478553DC3D18} = {C31578B7-8F39-45A2-9F01-505E0815CF8E}
		{2ADC7C07-85A6-4FBB-BBE3-5923E89E5298} = {C31578B7-8F39-45A2-9F01-505E0815CF8E}
		{44F740D2-FA7A-4961-B4A7-CF0ADF28B044} = {F5C23187-1943-4E1A-A8FB-F64FA93A6595}
		{2960F73F-4B17-45EC-97C0-57F4451B7003} = {44F740D2-FA7A-4961-B4A7-CF0ADF28B044}
		{E43571CF-4E36-4F20-8510-7B76F3F0A70B} = {2960F73F-4B17-45EC-97C0-57F4451B7003}
		{9B0628CA-F1F8-4C2A-A530-E064EE0494F6} = {F5C23187-1943-4E1A-A8FB-F64FA93A6595}
		{C5BC82C3-9C7E-45B4-B0D7-8F3FFC228861} = {9B0628CA-F1F8-4C2A-A530-E064EE0494F6}
		{FA99C796-0CD6-4FF7-B0CD-8DEC40DDE4FA} = {C5BC82C3-9C7E-45B4-B0D7-8F3FFC228861}
		{D7732E71-C207-41A8-BC68-85EC22DAF69A} = {9786D0BC-72E7-4D47-9E33-F133573BF57A}
		{6907BE15-3371-48D2-8BE7-89B24948ED9C} = {9786D0BC-72E7-4D47-9E33-F133573BF57A}
		{37248531-6AC4-41C5-9443-AD09A2645272} = {44F740D2-FA7A-4961-B4A7-CF0ADF28B044}
		{EAEA91FC-9A04-4452-941D-98F55B9C4473} = {37248531-6AC4-41C5-9443-AD09A2645272}
		{5A96A5EF-DC79-4E2B-BA15-DBE4C1091216} = {9B0628CA-F1F8-4C2A-A530-E064EE0494F6}
		{E5EFBC77-5473-4BE8-8AF2-72580C2CEDA2} = {5A96A5EF-DC79-4E2B-BA15-DBE4C1091216}
		{908B07DB-1153-4AAB-91FA-BDB9B8848059} = {F5C23187-1943-4E1A-A8FB-F64FA93A6595}
		{1F449F4B-B430-4F94-8FFC-2029BE200E7D} = {908B07DB-1153-4AAB-91FA-BDB9B8848059}
		{7F0FFC85-8523-4CA5-88F9-8F82DD7EEC45} = {1F449F4B-B430-4F94-8FFC-2029BE200E7D}
		{2BE786D2-BFE3-4787-8DCA-E96AE801AF2A} = {908B07DB-1153-4AAB-91FA-BDB9B8848059}
		{236433F5-ADC8-4DF1-A7C0-4DD3CD090369} = {2BE786D2-BFE3-4787-8DCA-E96AE801AF2A}
	EndGlobalSection
EndGlobal
